
Microsoft Visual Studio Solution File, Format Version 12.00
# Visual Studio 15
VisualStudioVersion = 15.0.28307.421
MinimumVisualStudioVersion = 10.0.40219.1
Project("{FAE04EC0-301F-11D3-BF4B-00C04F79EFBC}") = "CapaDatosFerreteria", "CapaDatosFerreteria\CapaDatosFerreteria.csproj", "{1610A1DB-3243-4019-9BDD-F5097EFAF235}"
EndProject
Project("{FAE04EC0-301F-11D3-BF4B-00C04F79EFBC}") = "CacheFerreteria", "CacheFerreteria\CacheFerreteria.csproj", "{DAF6CF3A-6C21-4638-8879-1A963F6EB350}"
EndProject
Project("{FAE04EC0-301F-11D3-BF4B-00C04F79EFBC}") = "ReporteadorFerreteria", "ReporteadorFerreteria\ReporteadorFerreteria.csproj", "{29212D40-8FA0-4D5E-8B7E-107CA43712BA}"
EndProject
Global
	GlobalSection(SolutionConfigurationPlatforms) = preSolution
		Debug|Any CPU = Debug|Any CPU
		Release|Any CPU = Release|Any CPU
	EndGlobalSection
	GlobalSection(ProjectConfigurationPlatforms) = postSolution
		{1610A1DB-3243-4019-9BDD-F5097EFAF235}.Debug|Any CPU.ActiveCfg = Debug|Any CPU
		{1610A1DB-3243-4019-9BDD-F5097EFAF235}.Debug|Any CPU.Build.0 = Debug|Any CPU
		{1610A1DB-3243-4019-9BDD-F5097EFAF235}.Release|Any CPU.ActiveCfg = Release|Any CPU
		{1610A1DB-3243-4019-9BDD-F5097EFAF235}.Release|Any CPU.Build.0 = Release|Any CPU
		{DAF6CF3A-6C21-4638-8879-1A963F6EB350}.Debug|Any CPU.ActiveCfg = Debug|Any CPU
		{DAF6CF3A-6C21-4638-8879-1A963F6EB350}.Debug|Any CPU.Build.0 = Debug|Any CPU
		{DAF6CF3A-6C21-4638-8879-1A963F6EB350}.Release|Any CPU.ActiveCfg = Release|Any CPU
		{DAF6CF3A-6C21-4638-8879-1A963F6EB350}.Release|Any CPU.Build.0 = Release|Any CPU
		{29212D40-8FA0-4D5E-8B7E-107CA43712BA}.Debug|Any CPU.ActiveCfg = Debug|Any CPU
		{29212D40-8FA0-4D5E-8B7E-107CA43712BA}.Debug|Any CPU.Build.0 = Debug|Any CPU
		{29212D40-8FA0-4D5E-8B7E-107CA43712BA}.Release|Any CPU.ActiveCfg = Release|Any CPU
		{29212D40-8FA0-4D5E-8B7E-107CA43712BA}.Release|Any CPU.Build.0 = Release|Any CPU
	EndGlobalSection
	GlobalSection(SolutionProperties) = preSolution
		HideSolutionNode = FALSE
	EndGlobalSection
	GlobalSection(ExtensibilityGlobals) = postSolution
		SolutionGuid = {C9BDCA63-9235-4CD8-9CAF-939D8711F2B2}
	EndGlobalSection
EndGlobal
