
Microsoft Visual Studio Solution File, Format Version 12.00
# Visual Studio 15
VisualStudioVersion = 15.0.28307.421
MinimumVisualStudioVersion = 10.0.40219.1
Project("{FAE04EC0-301F-11D3-BF4B-00C04F79EFBC}") = "LoginFerreteria", "LoginFerreteria\LoginFerreteria.csproj", "{C0A0D144-55C4-4B8E-8ACB-941F09038764}"
EndProject
Global
	GlobalSection(SolutionConfigurationPlatforms) = preSolution
		Debug|Any CPU = Debug|Any CPU
		Release|Any CPU = Release|Any CPU
	EndGlobalSection
	GlobalSection(ProjectConfigurationPlatforms) = postSolution
		{C0A0D144-55C4-4B8E-8ACB-941F09038764}.Debug|Any CPU.ActiveCfg = Debug|Any CPU
		{C0A0D144-55C4-4B8E-8ACB-941F09038764}.Debug|Any CPU.Build.0 = Debug|Any CPU
		{C0A0D144-55C4-4B8E-8ACB-941F09038764}.Release|Any CPU.ActiveCfg = Release|Any CPU
		{C0A0D144-55C4-4B8E-8ACB-941F09038764}.Release|Any CPU.Build.0 = Release|Any CPU
	EndGlobalSection
	GlobalSection(SolutionProperties) = preSolution
		HideSolutionNode = FALSE
	EndGlobalSection
	GlobalSection(ExtensibilityGlobals) = postSolution
		SolutionGuid = {C43E00F7-C135-48BB-BB54-49DBBEFD177D}
	EndGlobalSection
EndGlobal
